
Microsoft Visual Studio Solution File, Format Version 12.00
# Visual Studio 2012
Project("{FAE04EC0-301F-11D3-BF4B-00C04F79EFBC}") = "CollectionViewXamarin", "CollectionViewXamarin\CollectionViewXamarin.csproj", "{0E129691-8B43-4553-9EF8-26D9C5E16887}"
EndProject
Global
	GlobalSection(SolutionConfigurationPlatforms) = preSolution
		Debug|iPhoneSimulator = Debug|iPhoneSimulator
		Release|iPhone = Release|iPhone
		Release|iPhoneSimulator = Release|iPhoneSimulator
		Debug|iPhone = Debug|iPhone
	EndGlobalSection
	GlobalSection(ProjectConfigurationPlatforms) = postSolution
		{0E129691-8B43-4553-9EF8-26D9C5E16887}.Debug|iPhoneSimulator.ActiveCfg = Debug|iPhoneSimulator
		{0E129691-8B43-4553-9EF8-26D9C5E16887}.Debug|iPhoneSimulator.Build.0 = Debug|iPhoneSimulator
		{0E129691-8B43-4553-9EF8-26D9C5E16887}.Release|iPhone.ActiveCfg = Release|iPhone
		{0E129691-8B43-4553-9EF8-26D9C5E16887}.Release|iPhone.Build.0 = Release|iPhone
		{0E129691-8B43-4553-9EF8-26D9C5E16887}.Release|iPhoneSimulator.ActiveCfg = Release|iPhoneSimulator
		{0E129691-8B43-4553-9EF8-26D9C5E16887}.Release|iPhoneSimulator.Build.0 = Release|iPhoneSimulator
		{0E129691-8B43-4553-9EF8-26D9C5E16887}.Debug|iPhone.ActiveCfg = Debug|iPhone
		{0E129691-8B43-4553-9EF8-26D9C5E16887}.Debug|iPhone.Build.0 = Debug|iPhone
	EndGlobalSection
EndGlobal
